{
  "name": "myc_e_shop",
  "version": "1.0.0",
  "lockfileVersion": 3,
  "requires": true,
  "packages": {
    "": {
      "name": "myc_e_shop",
      "version": "1.0.0",
      "license": "ISC",
      "dependencies": {
        "myc_e_shop": "file:"
      }
    },
    "node_modules/myc_e_shop": {
      "resolved": "",
      "link": true
    }
  }
}
